
Microsoft Visual Studio Solution File, Format Version 12.00
# Visual Studio 15
VisualStudioVersion = 15.0.28307.421
MinimumVisualStudioVersion = 10.0.40219.1
Project("{9A19103F-16F7-4668-BE54-9A1E7A4F7556}") = "Validations", "Validations\Validations.csproj", "{BB89417A-8F04-4889-905F-ECC14402F12F}"
EndProject
Global
	GlobalSection(SolutionConfigurationPlatforms) = preSolution
		Debug|Any CPU = Debug|Any CPU
		Release|Any CPU = Release|Any CPU
	EndGlobalSection
	GlobalSection(ProjectConfigurationPlatforms) = postSolution
		{BB89417A-8F04-4889-905F-ECC14402F12F}.Debug|Any CPU.ActiveCfg = Debug|Any CPU
		{BB89417A-8F04-4889-905F-ECC14402F12F}.Debug|Any CPU.Build.0 = Debug|Any CPU
		{BB89417A-8F04-4889-905F-ECC14402F12F}.Release|Any CPU.ActiveCfg = Release|Any CPU
		{BB89417A-8F04-4889-905F-ECC14402F12F}.Release|Any CPU.Build.0 = Release|Any CPU
	EndGlobalSection
	GlobalSection(SolutionProperties) = preSolution
		HideSolutionNode = FALSE
	EndGlobalSection
	GlobalSection(ExtensibilityGlobals) = postSolution
		SolutionGuid = {C00BCAC0-68DA-449C-AEF5-5F6C45CF96B9}
	EndGlobalSection
EndGlobal
